// !$*UTF8*$!
{
	archiveVersion = 1;
	classes = {
	};
	objectVersion = 46;
	objects = {

/* Begin PBXBuildFile section */
		75190BF2CD7188B1CDC90183 /* Pods_CaraotAppUITests.framework in Frameworks */ = {isa = PBXBuildFile; fileRef = 0F885FE16F8BBBC8E07C4222 /* Pods_CaraotAppUITests.framework */; };
		7E02F0011DAD5C67006210B5 /* AppDelegate.swift in Sources */ = {isa = PBXBuildFile; fileRef = 7E02F0001DAD5C67006210B5 /* AppDelegate.swift */; };
		7E02F0031DAD5C67006210B5 /* ViewController.swift in Sources */ = {isa = PBXBuildFile; fileRef = 7E02F0021DAD5C67006210B5 /* ViewController.swift */; };
		7E02F0061DAD5C67006210B5 /* Main.storyboard in Resources */ = {isa = PBXBuildFile; fileRef = 7E02F0041DAD5C67006210B5 /* Main.storyboard */; };
		7E02F0081DAD5C67006210B5 /* Assets.xcassets in Resources */ = {isa = PBXBuildFile; fileRef = 7E02F0071DAD5C67006210B5 /* Assets.xcassets */; };
		7E02F00B1DAD5C67006210B5 /* LaunchScreen.storyboard in Resources */ = {isa = PBXBuildFile; fileRef = 7E02F0091DAD5C67006210B5 /* LaunchScreen.storyboard */; };
		7E02F0161DAD5C67006210B5 /* CaraotAppTests.swift in Sources */ = {isa = PBXBuildFile; fileRef = 7E02F0151DAD5C67006210B5 /* CaraotAppTests.swift */; };
		7E02F0211DAD5C68006210B5 /* CaraotAppUITests.swift in Sources */ = {isa = PBXBuildFile; fileRef = 7E02F0201DAD5C68006210B5 /* CaraotAppUITests.swift */; };
		7E02F0331DAD6BDE006210B5 /* InterfaceController.swift in Sources */ = {isa = PBXBuildFile; fileRef = 7E02F0311DAD6BDE006210B5 /* InterfaceController.swift */; };
		7E02F0341DAD6BDE006210B5 /* SwipeViewController.swift in Sources */ = {isa = PBXBuildFile; fileRef = 7E02F0321DAD6BDE006210B5 /* SwipeViewController.swift */; };
		7E02F0381DAD6F20006210B5 /* PageViewController.swift in Sources */ = {isa = PBXBuildFile; fileRef = 7E02F0371DAD6F20006210B5 /* PageViewController.swift */; };
		7E02F03A1DAD6FAB006210B5 /* ContentViewController.swift in Sources */ = {isa = PBXBuildFile; fileRef = 7E02F0391DAD6FAB006210B5 /* ContentViewController.swift */; };
		A7EFBB3CEB48501AE486AAE3 /* Pods_CaraotApp.framework in Frameworks */ = {isa = PBXBuildFile; fileRef = 925FC6478215AB473B2E97BB /* Pods_CaraotApp.framework */; };
		F5CF66A486D3E9A5667222E0 /* Pods_CaraotAppTests.framework in Frameworks */ = {isa = PBXBuildFile; fileRef = C3EE322604C6EA47913EA1CF /* Pods_CaraotAppTests.framework */; };
/* End PBXBuildFile section */

/* Begin PBXContainerItemProxy section */
		7E02F0121DAD5C67006210B5 /* PBXContainerItemProxy */ = {
			isa = PBXContainerItemProxy;
			containerPortal = 7E02EFF51DAD5C67006210B5 /* Project object */;
			proxyType = 1;
			remoteGlobalIDString = 7E02EFFC1DAD5C67006210B5;
			remoteInfo = CaraotApp;
		};
		7E02F01D1DAD5C68006210B5 /* PBXContainerItemProxy */ = {
			isa = PBXContainerItemProxy;
			containerPortal = 7E02EFF51DAD5C67006210B5 /* Project object */;
			proxyType = 1;
			remoteGlobalIDString = 7E02EFFC1DAD5C67006210B5;
			remoteInfo = CaraotApp;
		};
/* End PBXContainerItemProxy section */

/* Begin PBXFileReference section */
		0C4E676220677F52E45404A7 /* Pods-CaraotAppTests.debug.xcconfig */ = {isa = PBXFileReference; includeInIndex = 1; lastKnownFileType = text.xcconfig; name = "Pods-CaraotAppTests.debug.xcconfig"; path = "Pods/Target Support Files/Pods-CaraotAppTests/Pods-CaraotAppTests.debug.xcconfig"; sourceTree = "<group>"; };
		0F885FE16F8BBBC8E07C4222 /* Pods_CaraotAppUITests.framework */ = {isa = PBXFileReference; explicitFileType = wrapper.framework; includeInIndex = 0; path = Pods_CaraotAppUITests.framework; sourceTree = BUILT_PRODUCTS_DIR; };
		1015D96587390D792B53A185 /* Pods-CaraotAppUITests.debug.xcconfig */ = {isa = PBXFileReference; includeInIndex = 1; lastKnownFileType = text.xcconfig; name = "Pods-CaraotAppUITests.debug.xcconfig"; path = "Pods/Target Support Files/Pods-CaraotAppUITests/Pods-CaraotAppUITests.debug.xcconfig"; sourceTree = "<group>"; };
		2361ADCEFFAB29BEE0425805 /* Pods-CaraotApp.debug.xcconfig */ = {isa = PBXFileReference; includeInIndex = 1; lastKnownFileType = text.xcconfig; name = "Pods-CaraotApp.debug.xcconfig"; path = "Pods/Target Support Files/Pods-CaraotApp/Pods-CaraotApp.debug.xcconfig"; sourceTree = "<group>"; };
		2CCF3A72F40C6B2FB9BDFFEB /* Pods-CaraotApp.release.xcconfig */ = {isa = PBXFileReference; includeInIndex = 1; lastKnownFileType = text.xcconfig; name = "Pods-CaraotApp.release.xcconfig"; path = "Pods/Target Support Files/Pods-CaraotApp/Pods-CaraotApp.release.xcconfig"; sourceTree = "<group>"; };
		3A100357965DCAAA919E5599 /* Pods-CaraotAppUITests.release.xcconfig */ = {isa = PBXFileReference; includeInIndex = 1; lastKnownFileType = text.xcconfig; name = "Pods-CaraotAppUITests.release.xcconfig"; path = "Pods/Target Support Files/Pods-CaraotAppUITests/Pods-CaraotAppUITests.release.xcconfig"; sourceTree = "<group>"; };
		7E02EFFD1DAD5C67006210B5 /* CaraotApp.app */ = {isa = PBXFileReference; explicitFileType = wrapper.application; includeInIndex = 0; path = CaraotApp.app; sourceTree = BUILT_PRODUCTS_DIR; };
		7E02F0001DAD5C67006210B5 /* AppDelegate.swift */ = {isa = PBXFileReference; lastKnownFileType = sourcecode.swift; path = AppDelegate.swift; sourceTree = "<group>"; };
		7E02F0021DAD5C67006210B5 /* ViewController.swift */ = {isa = PBXFileReference; lastKnownFileType = sourcecode.swift; path = ViewController.swift; sourceTree = "<group>"; };
		7E02F0051DAD5C67006210B5 /* Base */ = {isa = PBXFileReference; lastKnownFileType = file.storyboard; name = Base; path = Base.lproj/Main.storyboard; sourceTree = "<group>"; };
		7E02F0071DAD5C67006210B5 /* Assets.xcassets */ = {isa = PBXFileReference; lastKnownFileType = folder.assetcatalog; path = Assets.xcassets; sourceTree = "<group>"; };
		7E02F00A1DAD5C67006210B5 /* Base */ = {isa = PBXFileReference; lastKnownFileType = file.storyboard; name = Base; path = Base.lproj/LaunchScreen.storyboard; sourceTree = "<group>"; };
		7E02F00C1DAD5C67006210B5 /* Info.plist */ = {isa = PBXFileReference; lastKnownFileType = text.plist.xml; path = Info.plist; sourceTree = "<group>"; };
		7E02F0111DAD5C67006210B5 /* CaraotAppTests.xctest */ = {isa = PBXFileReference; explicitFileType = wrapper.cfbundle; includeInIndex = 0; path = CaraotAppTests.xctest; sourceTree = BUILT_PRODUCTS_DIR; };
		7E02F0151DAD5C67006210B5 /* CaraotAppTests.swift */ = {isa = PBXFileReference; lastKnownFileType = sourcecode.swift; path = CaraotAppTests.swift; sourceTree = "<group>"; };
		7E02F0171DAD5C67006210B5 /* Info.plist */ = {isa = PBXFileReference; lastKnownFileType = text.plist.xml; path = Info.plist; sourceTree = "<group>"; };
		7E02F01C1DAD5C68006210B5 /* CaraotAppUITests.xctest */ = {isa = PBXFileReference; explicitFileType = wrapper.cfbundle; includeInIndex = 0; path = CaraotAppUITests.xctest; sourceTree = BUILT_PRODUCTS_DIR; };
		7E02F0201DAD5C68006210B5 /* CaraotAppUITests.swift */ = {isa = PBXFileReference; lastKnownFileType = sourcecode.swift; path = CaraotAppUITests.swift; sourceTree = "<group>"; };
		7E02F0221DAD5C68006210B5 /* Info.plist */ = {isa = PBXFileReference; lastKnownFileType = text.plist.xml; path = Info.plist; sourceTree = "<group>"; };
		7E02F0311DAD6BDE006210B5 /* InterfaceController.swift */ = {isa = PBXFileReference; fileEncoding = 4; lastKnownFileType = sourcecode.swift; path = InterfaceController.swift; sourceTree = "<group>"; };
		7E02F0321DAD6BDE006210B5 /* SwipeViewController.swift */ = {isa = PBXFileReference; fileEncoding = 4; lastKnownFileType = sourcecode.swift; path = SwipeViewController.swift; sourceTree = "<group>"; };
		7E02F0371DAD6F20006210B5 /* PageViewController.swift */ = {isa = PBXFileReference; fileEncoding = 4; lastKnownFileType = sourcecode.swift; path = PageViewController.swift; sourceTree = "<group>"; };
		7E02F0391DAD6FAB006210B5 /* ContentViewController.swift */ = {isa = PBXFileReference; fileEncoding = 4; lastKnownFileType = sourcecode.swift; path = ContentViewController.swift; sourceTree = "<group>"; };
		925FC6478215AB473B2E97BB /* Pods_CaraotApp.framework */ = {isa = PBXFileReference; explicitFileType = wrapper.framework; includeInIndex = 0; path = Pods_CaraotApp.framework; sourceTree = BUILT_PRODUCTS_DIR; };
		C3EE322604C6EA47913EA1CF /* Pods_CaraotAppTests.framework */ = {isa = PBXFileReference; explicitFileType = wrapper.framework; includeInIndex = 0; path = Pods_CaraotAppTests.framework; sourceTree = BUILT_PRODUCTS_DIR; };
		E46475F6CBB2A75AAC17D996 /* Pods-CaraotAppTests.release.xcconfig */ = {isa = PBXFileReference; includeInIndex = 1; lastKnownFileType = text.xcconfig; name = "Pods-CaraotAppTests.release.xcconfig"; path = "Pods/Target Support Files/Pods-CaraotAppTests/Pods-CaraotAppTests.release.xcconfig"; sourceTree = "<group>"; };
/* End PBXFileReference section */

/* Begin PBXFrameworksBuildPhase section */
		7E02EFFA1DAD5C67006210B5 /* Frameworks */ = {
			isa = PBXFrameworksBuildPhase;
			buildActionMask = 2147483647;
			files = (
				A7EFBB3CEB48501AE486AAE3 /* Pods_CaraotApp.framework in Frameworks */,
			);
			runOnlyForDeploymentPostprocessing = 0;
		};
		7E02F00E1DAD5C67006210B5 /* Frameworks */ = {
			isa = PBXFrameworksBuildPhase;
			buildActionMask = 2147483647;
			files = (
				F5CF66A486D3E9A5667222E0 /* Pods_CaraotAppTests.framework in Frameworks */,
			);
			runOnlyForDeploymentPostprocessing = 0;
		};
		7E02F0191DAD5C68006210B5 /* Frameworks */ = {
			isa = PBXFrameworksBuildPhase;
			buildActionMask = 2147483647;
			files = (
				75190BF2CD7188B1CDC90183 /* Pods_CaraotAppUITests.framework in Frameworks */,
			);
			runOnlyForDeploymentPostprocessing = 0;
		};
/* End PBXFrameworksBuildPhase section */

/* Begin PBXGroup section */
		17200423E09029A46FA981C4 /* Pods */ = {
			isa = PBXGroup;
			children = (
				2361ADCEFFAB29BEE0425805 /* Pods-CaraotApp.debug.xcconfig */,
				2CCF3A72F40C6B2FB9BDFFEB /* Pods-CaraotApp.release.xcconfig */,
				0C4E676220677F52E45404A7 /* Pods-CaraotAppTests.debug.xcconfig */,
				E46475F6CBB2A75AAC17D996 /* Pods-CaraotAppTests.release.xcconfig */,
				1015D96587390D792B53A185 /* Pods-CaraotAppUITests.debug.xcconfig */,
				3A100357965DCAAA919E5599 /* Pods-CaraotAppUITests.release.xcconfig */,
			);
			name = Pods;
			sourceTree = "<group>";
		};
		7E02EFF41DAD5C67006210B5 = {
			isa = PBXGroup;
			children = (
				7E02EFFF1DAD5C67006210B5 /* CaraotApp */,
				7E02F0141DAD5C67006210B5 /* CaraotAppTests */,
				7E02F01F1DAD5C68006210B5 /* CaraotAppUITests */,
				7E02EFFE1DAD5C67006210B5 /* Products */,
				17200423E09029A46FA981C4 /* Pods */,
				852B310420CE6B73754FFD55 /* Frameworks */,
			);
			sourceTree = "<group>";
		};
		7E02EFFE1DAD5C67006210B5 /* Products */ = {
			isa = PBXGroup;
			children = (
				7E02EFFD1DAD5C67006210B5 /* CaraotApp.app */,
				7E02F0111DAD5C67006210B5 /* CaraotAppTests.xctest */,
				7E02F01C1DAD5C68006210B5 /* CaraotAppUITests.xctest */,
			);
			name = Products;
			sourceTree = "<group>";
		};
		7E02EFFF1DAD5C67006210B5 /* CaraotApp */ = {
			isa = PBXGroup;
			children = (
				7E02F0001DAD5C67006210B5 /* AppDelegate.swift */,
				7E02F0021DAD5C67006210B5 /* ViewController.swift */,
				7E02F0041DAD5C67006210B5 /* Main.storyboard */,
				7E02F0371DAD6F20006210B5 /* PageViewController.swift */,
				7E02F0391DAD6FAB006210B5 /* ContentViewController.swift */,
				7E02F0071DAD5C67006210B5 /* Assets.xcassets */,
				7E02F0091DAD5C67006210B5 /* LaunchScreen.storyboard */,
				7E02F00C1DAD5C67006210B5 /* Info.plist */,
				7E02F0351DAD6BF3006210B5 /* SwipeVC */,
			);
			path = CaraotApp;
			sourceTree = "<group>";
		};
		7E02F0141DAD5C67006210B5 /* CaraotAppTests */ = {
			isa = PBXGroup;
			children = (
				7E02F0151DAD5C67006210B5 /* CaraotAppTests.swift */,
				7E02F0171DAD5C67006210B5 /* Info.plist */,
			);
			path = CaraotAppTests;
			sourceTree = "<group>";
		};
		7E02F01F1DAD5C68006210B5 /* CaraotAppUITests */ = {
			isa = PBXGroup;
			children = (
				7E02F0201DAD5C68006210B5 /* CaraotAppUITests.swift */,
				7E02F0221DAD5C68006210B5 /* Info.plist */,
			);
			path = CaraotAppUITests;
			sourceTree = "<group>";
		};
		7E02F0351DAD6BF3006210B5 /* SwipeVC */ = {
			isa = PBXGroup;
			children = (
				7E02F0311DAD6BDE006210B5 /* InterfaceController.swift */,
				7E02F0321DAD6BDE006210B5 /* SwipeViewController.swift */,
			);
			name = SwipeVC;
			sourceTree = "<group>";
		};
		852B310420CE6B73754FFD55 /* Frameworks */ = {
			isa = PBXGroup;
			children = (
				925FC6478215AB473B2E97BB /* Pods_CaraotApp.framework */,
				C3EE322604C6EA47913EA1CF /* Pods_CaraotAppTests.framework */,
				0F885FE16F8BBBC8E07C4222 /* Pods_CaraotAppUITests.framework */,
			);
			name = Frameworks;
			sourceTree = "<group>";
		};
/* End PBXGroup section */

/* Begin PBXNativeTarget section */
		7E02EFFC1DAD5C67006210B5 /* CaraotApp */ = {
			isa = PBXNativeTarget;
			buildConfigurationList = 7E02F0251DAD5C68006210B5 /* Build configuration list for PBXNativeTarget "CaraotApp" */;
			buildPhases = (
				16BC904179705519FA1B5343 /* [CP] Check Pods Manifest.lock */,
				7E02EFF91DAD5C67006210B5 /* Sources */,
				7E02EFFA1DAD5C67006210B5 /* Frameworks */,
				7E02EFFB1DAD5C67006210B5 /* Resources */,
				EEDE7255223F768C7F3029B1 /* [CP] Embed Pods Frameworks */,
				A642DB086FE9EFD6842095B5 /* [CP] Copy Pods Resources */,
			);
			buildRules = (
			);
			dependencies = (
			);
			name = CaraotApp;
			productName = CaraotApp;
			productReference = 7E02EFFD1DAD5C67006210B5 /* CaraotApp.app */;
			productType = "com.apple.product-type.application";
		};
		7E02F0101DAD5C67006210B5 /* CaraotAppTests */ = {
			isa = PBXNativeTarget;
			buildConfigurationList = 7E02F0281DAD5C68006210B5 /* Build configuration list for PBXNativeTarget "CaraotAppTests" */;
			buildPhases = (
				A0B57F79ED7331C1E561B54D /* [CP] Check Pods Manifest.lock */,
				7E02F00D1DAD5C67006210B5 /* Sources */,
				7E02F00E1DAD5C67006210B5 /* Frameworks */,
				7E02F00F1DAD5C67006210B5 /* Resources */,
				F6328786B45E412A8F11FBDA /* [CP] Embed Pods Frameworks */,
				77DAEDA930A51EBDEB2EB444 /* [CP] Copy Pods Resources */,
			);
			buildRules = (
			);
			dependencies = (
				7E02F0131DAD5C67006210B5 /* PBXTargetDependency */,
			);
			name = CaraotAppTests;
			productName = CaraotAppTests;
			productReference = 7E02F0111DAD5C67006210B5 /* CaraotAppTests.xctest */;
			productType = "com.apple.product-type.bundle.unit-test";
		};
		7E02F01B1DAD5C68006210B5 /* CaraotAppUITests */ = {
			isa = PBXNativeTarget;
			buildConfigurationList = 7E02F02B1DAD5C68006210B5 /* Build configuration list for PBXNativeTarget "CaraotAppUITests" */;
			buildPhases = (
				D94A0CC625DCF538712FD7D1 /* [CP] Check Pods Manifest.lock */,
				7E02F0181DAD5C68006210B5 /* Sources */,
				7E02F0191DAD5C68006210B5 /* Frameworks */,
				7E02F01A1DAD5C68006210B5 /* Resources */,
				F23F5876309C57B6DDD5F745 /* [CP] Embed Pods Frameworks */,
				F302471925C494C33D226AC8 /* [CP] Copy Pods Resources */,
			);
			buildRules = (
			);
			dependencies = (
				7E02F01E1DAD5C68006210B5 /* PBXTargetDependency */,
			);
			name = CaraotAppUITests;
			productName = CaraotAppUITests;
			productReference = 7E02F01C1DAD5C68006210B5 /* CaraotAppUITests.xctest */;
			productType = "com.apple.product-type.bundle.ui-testing";
		};
/* End PBXNativeTarget section */

/* Begin PBXProject section */
		7E02EFF51DAD5C67006210B5 /* Project object */ = {
			isa = PBXProject;
			attributes = {
				LastSwiftUpdateCheck = 0800;
				LastUpgradeCheck = 0800;
				ORGANIZATIONNAME = "Jacobo Koenig";
				TargetAttributes = {
					7E02EFFC1DAD5C67006210B5 = {
						CreatedOnToolsVersion = 8.0;
						DevelopmentTeam = ZPGC7734UF;
						ProvisioningStyle = Automatic;
					};
					7E02F0101DAD5C67006210B5 = {
						CreatedOnToolsVersion = 8.0;
						DevelopmentTeam = ZPGC7734UF;
						ProvisioningStyle = Automatic;
						TestTargetID = 7E02EFFC1DAD5C67006210B5;
					};
					7E02F01B1DAD5C68006210B5 = {
						CreatedOnToolsVersion = 8.0;
						DevelopmentTeam = ZPGC7734UF;
						ProvisioningStyle = Automatic;
						TestTargetID = 7E02EFFC1DAD5C67006210B5;
					};
				};
			};
			buildConfigurationList = 7E02EFF81DAD5C67006210B5 /* Build configuration list for PBXProject "CaraotApp" */;
			compatibilityVersion = "Xcode 3.2";
			developmentRegion = English;
			hasScannedForEncodings = 0;
			knownRegions = (
				en,
				Base,
			);
			mainGroup = 7E02EFF41DAD5C67006210B5;
			productRefGroup = 7E02EFFE1DAD5C67006210B5 /* Products */;
			projectDirPath = "";
			projectRoot = "";
			targets = (
				7E02EFFC1DAD5C67006210B5 /* CaraotApp */,
				7E02F0101DAD5C67006210B5 /* CaraotAppTests */,
				7E02F01B1DAD5C68006210B5 /* CaraotAppUITests */,
			);
		};
/* End PBXProject section */

/* Begin PBXResourcesBuildPhase section */
		7E02EFFB1DAD5C67006210B5 /* Resources */ = {
			isa = PBXResourcesBuildPhase;
			buildActionMask = 2147483647;
			files = (
				7E02F00B1DAD5C67006210B5 /* LaunchScreen.storyboard in Resources */,
				7E02F0081DAD5C67006210B5 /* Assets.xcassets in Resources */,
				7E02F0061DAD5C67006210B5 /* Main.storyboard in Resources */,
			);
			runOnlyForDeploymentPostprocessing = 0;
		};
		7E02F00F1DAD5C67006210B5 /* Resources */ = {
			isa = PBXResourcesBuildPhase;
			buildActionMask = 2147483647;
			files = (
			);
			runOnlyForDeploymentPostprocessing = 0;
		};
		7E02F01A1DAD5C68006210B5 /* Resources */ = {
			isa = PBXResourcesBuildPhase;
			buildActionMask = 2147483647;
			files = (
			);
			runOnlyForDeploymentPostprocessing = 0;
		};
/* End PBXResourcesBuildPhase section */

/* Begin PBXShellScriptBuildPhase section */
		16BC904179705519FA1B5343 /* [CP] Check Pods Manifest.lock */ = {
			isa = PBXShellScriptBuildPhase;
			buildActionMask = 2147483647;
			files = (
			);
			inputPaths = (
			);
			name = "[CP] Check Pods Manifest.lock";
			outputPaths = (
			);
			runOnlyForDeploymentPostprocessing = 0;
			shellPath = /bin/sh;
			shellScript = "diff \"${PODS_ROOT}/../Podfile.lock\" \"${PODS_ROOT}/Manifest.lock\" > /dev/null\nif [ $? != 0 ] ; then\n    # print error to STDERR\n    echo \"error: The sandbox is not in sync with the Podfile.lock. Run 'pod install' or update your CocoaPods installation.\" >&2\n    exit 1\nfi\n";
			showEnvVarsInLog = 0;
		};
		77DAEDA930A51EBDEB2EB444 /* [CP] Copy Pods Resources */ = {
			isa = PBXShellScriptBuildPhase;
			buildActionMask = 2147483647;
			files = (
			);
			inputPaths = (
			);
			name = "[CP] Copy Pods Resources";
			outputPaths = (
			);
			runOnlyForDeploymentPostprocessing = 0;
			shellPath = /bin/sh;
			shellScript = "\"${SRCROOT}/Pods/Target Support Files/Pods-CaraotAppTests/Pods-CaraotAppTests-resources.sh\"\n";
			showEnvVarsInLog = 0;
		};
		A0B57F79ED7331C1E561B54D /* [CP] Check Pods Manifest.lock */ = {
			isa = PBXShellScriptBuildPhase;
			buildActionMask = 2147483647;
			files = (
			);
			inputPaths = (
			);
			name = "[CP] Check Pods Manifest.lock";
			outputPaths = (
			);
			runOnlyForDeploymentPostprocessing = 0;
			shellPath = /bin/sh;
			shellScript = "diff \"${PODS_ROOT}/../Podfile.lock\" \"${PODS_ROOT}/Manifest.lock\" > /dev/null\nif [ $? != 0 ] ; then\n    # print error to STDERR\n    echo \"error: The sandbox is not in sync with the Podfile.lock. Run 'pod install' or update your CocoaPods installation.\" >&2\n    exit 1\nfi\n";
			showEnvVarsInLog = 0;
		};
		A642DB086FE9EFD6842095B5 /* [CP] Copy Pods Resources */ = {
			isa = PBXShellScriptBuildPhase;
			buildActionMask = 2147483647;
			files = (
			);
			inputPaths = (
			);
			name = "[CP] Copy Pods Resources";
			outputPaths = (
			);
			runOnlyForDeploymentPostprocessing = 0;
			shellPath = /bin/sh;
			shellScript = "\"${SRCROOT}/Pods/Target Support Files/Pods-CaraotApp/Pods-CaraotApp-resources.sh\"\n";
			showEnvVarsInLog = 0;
		};
		D94A0CC625DCF538712FD7D1 /* [CP] Check Pods Manifest.lock */ = {
			isa = PBXShellScriptBuildPhase;
			buildActionMask = 2147483647;
			files = (
			);
			inputPaths = (
			);
			name = "[CP] Check Pods Manifest.lock";
			outputPaths = (
			);
			runOnlyForDeploymentPostprocessing = 0;
			shellPath = /bin/sh;
			shellScript = "diff \"${PODS_ROOT}/../Podfile.lock\" \"${PODS_ROOT}/Manifest.lock\" > /dev/null\nif [ $? != 0 ] ; then\n    # print error to STDERR\n    echo \"error: The sandbox is not in sync with the Podfile.lock. Run 'pod install' or update your CocoaPods installation.\" >&2\n    exit 1\nfi\n";
			showEnvVarsInLog = 0;
		};
		EEDE7255223F768C7F3029B1 /* [CP] Embed Pods Frameworks */ = {
			isa = PBXShellScriptBuildPhase;
			buildActionMask = 2147483647;
			files = (
			);
			inputPaths = (
			);
			name = "[CP] Embed Pods Frameworks";
			outputPaths = (
			);
			runOnlyForDeploymentPostprocessing = 0;
			shellPath = /bin/sh;
			shellScript = "\"${SRCROOT}/Pods/Target Support Files/Pods-CaraotApp/Pods-CaraotApp-frameworks.sh\"\n";
			showEnvVarsInLog = 0;
		};
		F23F5876309C57B6DDD5F745 /* [CP] Embed Pods Frameworks */ = {
			isa = PBXShellScriptBuildPhase;
			buildActionMask = 2147483647;
			files = (
			);
			inputPaths = (
			);
			name = "[CP] Embed Pods Frameworks";
			outputPaths = (
			);
			runOnlyForDeploymentPostprocessing = 0;
			shellPath = /bin/sh;
			shellScript = "\"${SRCROOT}/Pods/Target Support Files/Pods-CaraotAppUITests/Pods-CaraotAppUITests-frameworks.sh\"\n";
			showEnvVarsInLog = 0;
		};
		F302471925C494C33D226AC8 /* [CP] Copy Pods Resources */ = {
			isa = PBXShellScriptBuildPhase;
			buildActionMask = 2147483647;
			files = (
			);
			inputPaths = (
			);
			name = "[CP] Copy Pods Resources";
			outputPaths = (
			);
			runOnlyForDeploymentPostprocessing = 0;
			shellPath = /bin/sh;
			shellScript = "\"${SRCROOT}/Pods/Target Support Files/Pods-CaraotAppUITests/Pods-CaraotAppUITests-resources.sh\"\n";
			showEnvVarsInLog = 0;
		};
		F6328786B45E412A8F11FBDA /* [CP] Embed Pods Frameworks */ = {
			isa = PBXShellScriptBuildPhase;
			buildActionMask = 2147483647;
			files = (
			);
			inputPaths = (
			);
			name = "[CP] Embed Pods Frameworks";
			outputPaths = (
			);
			runOnlyForDeploymentPostprocessing = 0;
			shellPath = /bin/sh;
			shellScript = "\"${SRCROOT}/Pods/Target Support Files/Pods-CaraotAppTests/Pods-CaraotAppTests-frameworks.sh\"\n";
			showEnvVarsInLog = 0;
		};
/* End PBXShellScriptBuildPhase section */

/* Begin PBXSourcesBuildPhase section */
		7E02EFF91DAD5C67006210B5 /* Sources */ = {
			isa = PBXSourcesBuildPhase;
			buildActionMask = 2147483647;
			files = (
				7E02F0331DAD6BDE006210B5 /* InterfaceController.swift in Sources */,
				7E02F0381DAD6F20006210B5 /* PageViewController.swift in Sources */,
				7E02F0031DAD5C67006210B5 /* ViewController.swift in Sources */,
				7E02F0011DAD5C67006210B5 /* AppDelegate.swift in Sources */,
				7E02F03A1DAD6FAB006210B5 /* ContentViewController.swift in Sources */,
				7E02F0341DAD6BDE006210B5 /* SwipeViewController.swift in Sources */,
			);
			runOnlyForDeploymentPostprocessing = 0;
		};
		7E02F00D1DAD5C67006210B5 /* Sources */ = {
			isa = PBXSourcesBuildPhase;
			buildActionMask = 2147483647;
			files = (
				7E02F0161DAD5C67006210B5 /* CaraotAppTests.swift in Sources */,
			);
			runOnlyForDeploymentPostprocessing = 0;
		};
		7E02F0181DAD5C68006210B5 /* Sources */ = {
			isa = PBXSourcesBuildPhase;
			buildActionMask = 2147483647;
			files = (
				7E02F0211DAD5C68006210B5 /* CaraotAppUITests.swift in Sources */,
			);
			runOnlyForDeploymentPostprocessing = 0;
		};
/* End PBXSourcesBuildPhase section */

/* Begin PBXTargetDependency section */
		7E02F0131DAD5C67006210B5 /* PBXTargetDependency */ = {
			isa = PBXTargetDependency;
			target = 7E02EFFC1DAD5C67006210B5 /* CaraotApp */;
			targetProxy = 7E02F0121DAD5C67006210B5 /* PBXContainerItemProxy */;
		};
		7E02F01E1DAD5C68006210B5 /* PBXTargetDependency */ = {
			isa = PBXTargetDependency;
			target = 7E02EFFC1DAD5C67006210B5 /* CaraotApp */;
			targetProxy = 7E02F01D1DAD5C68006210B5 /* PBXContainerItemProxy */;
		};
/* End PBXTargetDependency section */

/* Begin PBXVariantGroup section */
		7E02F0041DAD5C67006210B5 /* Main.storyboard */ = {
			isa = PBXVariantGroup;
			children = (
				7E02F0051DAD5C67006210B5 /* Base */,
			);
			name = Main.storyboard;
			sourceTree = "<group>";
		};
		7E02F0091DAD5C67006210B5 /* LaunchScreen.storyboard */ = {
			isa = PBXVariantGroup;
			children = (
				7E02F00A1DAD5C67006210B5 /* Base */,
			);
			name = LaunchScreen.storyboard;
			sourceTree = "<group>";
		};
/* End PBXVariantGroup section */

/* Begin XCBuildConfiguration section */
		7E02F0231DAD5C68006210B5 /* Debug */ = {
			isa = XCBuildConfiguration;
			buildSettings = {
				ALWAYS_SEARCH_USER_PATHS = NO;
				CLANG_ANALYZER_NONNULL = YES;
				CLANG_CXX_LANGUAGE_STANDARD = "gnu++0x";
				CLANG_CXX_LIBRARY = "libc++";
				CLANG_ENABLE_MODULES = YES;
				CLANG_ENABLE_OBJC_ARC = YES;
				CLANG_WARN_BOOL_CONVERSION = YES;
				CLANG_WARN_CONSTANT_CONVERSION = YES;
				CLANG_WARN_DIRECT_OBJC_ISA_USAGE = YES_ERROR;
				CLANG_WARN_DOCUMENTATION_COMMENTS = YES;
				CLANG_WARN_EMPTY_BODY = YES;
				CLANG_WARN_ENUM_CONVERSION = YES;
				CLANG_WARN_INFINITE_RECURSION = YES;
				CLANG_WARN_INT_CONVERSION = YES;
				CLANG_WARN_OBJC_ROOT_CLASS = YES_ERROR;
				CLANG_WARN_SUSPICIOUS_MOVES = YES;
				CLANG_WARN_UNREACHABLE_CODE = YES;
				CLANG_WARN__DUPLICATE_METHOD_MATCH = YES;
				"CODE_SIGN_IDENTITY[sdk=iphoneos*]" = "iPhone Developer";
				COPY_PHASE_STRIP = NO;
				DEBUG_INFORMATION_FORMAT = dwarf;
				ENABLE_STRICT_OBJC_MSGSEND = YES;
				ENABLE_TESTABILITY = YES;
				GCC_C_LANGUAGE_STANDARD = gnu99;
				GCC_DYNAMIC_NO_PIC = NO;
				GCC_NO_COMMON_BLOCKS = YES;
				GCC_OPTIMIZATION_LEVEL = 0;
				GCC_PREPROCESSOR_DEFINITIONS = (
					"DEBUG=1",
					"$(inherited)",
				);
				GCC_WARN_64_TO_32_BIT_CONVERSION = YES;
				GCC_WARN_ABOUT_RETURN_TYPE = YES_ERROR;
				GCC_WARN_UNDECLARED_SELECTOR = YES;
				GCC_WARN_UNINITIALIZED_AUTOS = YES_AGGRESSIVE;
				GCC_WARN_UNUSED_FUNCTION = YES;
				GCC_WARN_UNUSED_VARIABLE = YES;
				IPHONEOS_DEPLOYMENT_TARGET = 10.0;
				MTL_ENABLE_DEBUG_INFO = YES;
				ONLY_ACTIVE_ARCH = YES;
				SDKROOT = iphoneos;
				SWIFT_ACTIVE_COMPILATION_CONDITIONS = DEBUG;
				SWIFT_OPTIMIZATION_LEVEL = "-Onone";
			};
			name = Debug;
		};
		7E02F0241DAD5C68006210B5 /* Release */ = {
			isa = XCBuildConfiguration;
			buildSettings = {
				ALWAYS_SEARCH_USER_PATHS = NO;
				CLANG_ANALYZER_NONNULL = YES;
				CLANG_CXX_LANGUAGE_STANDARD = "gnu++0x";
				CLANG_CXX_LIBRARY = "libc++";
				CLANG_ENABLE_MODULES = YES;
				CLANG_ENABLE_OBJC_ARC = YES;
				CLANG_WARN_BOOL_CONVERSION = YES;
				CLANG_WARN_CONSTANT_CONVERSION = YES;
				CLANG_WARN_DIRECT_OBJC_ISA_USAGE = YES_ERROR;
				CLANG_WARN_DOCUMENTATION_COMMENTS = YES;
				CLANG_WARN_EMPTY_BODY = YES;
				CLANG_WARN_ENUM_CONVERSION = YES;
				CLANG_WARN_INFINITE_RECURSION = YES;
				CLANG_WARN_INT_CONVERSION = YES;
				CLANG_WARN_OBJC_ROOT_CLASS = YES_ERROR;
				CLANG_WARN_SUSPICIOUS_MOVES = YES;
				CLANG_WARN_UNREACHABLE_CODE = YES;
				CLANG_WARN__DUPLICATE_METHOD_MATCH = YES;
				"CODE_SIGN_IDENTITY[sdk=iphoneos*]" = "iPhone Developer";
				COPY_PHASE_STRIP = NO;
				DEBUG_INFORMATION_FORMAT = "dwarf-with-dsym";
				ENABLE_NS_ASSERTIONS = NO;
				ENABLE_STRICT_OBJC_MSGSEND = YES;
				GCC_C_LANGUAGE_STANDARD = gnu99;
				GCC_NO_COMMON_BLOCKS = YES;
				GCC_WARN_64_TO_32_BIT_CONVERSION = YES;
				GCC_WARN_ABOUT_RETURN_TYPE = YES_ERROR;
				GCC_WARN_UNDECLARED_SELECTOR = YES;
				GCC_WARN_UNINITIALIZED_AUTOS = YES_AGGRESSIVE;
				GCC_WARN_UNUSED_FUNCTION = YES;
				GCC_WARN_UNUSED_VARIABLE = YES;
				IPHONEOS_DEPLOYMENT_TARGET = 10.0;
				MTL_ENABLE_DEBUG_INFO = NO;
				SDKROOT = iphoneos;
				SWIFT_OPTIMIZATION_LEVEL = "-Owholemodule";
				VALIDATE_PRODUCT = YES;
			};
			name = Release;
		};
		7E02F0261DAD5C68006210B5 /* Debug */ = {
			isa = XCBuildConfiguration;
			baseConfigurationReference = 2361ADCEFFAB29BEE0425805 /* Pods-CaraotApp.debug.xcconfig */;
			buildSettings = {
				ASSETCATALOG_COMPILER_APPICON_NAME = AppIcon;
				DEVELOPMENT_TEAM = ZPGC7734UF;
				INFOPLIST_FILE = CaraotApp/Info.plist;
				LD_RUNPATH_SEARCH_PATHS = "$(inherited) @executable_path/Frameworks";
				PRODUCT_BUNDLE_IDENTIFIER = ioMango.CaraotApp;
				PRODUCT_NAME = "$(TARGET_NAME)";
				SWIFT_VERSION = 3.0;
			};
			name = Debug;
		};
		7E02F0271DAD5C68006210B5 /* Release */ = {
			isa = XCBuildConfiguration;
			baseConfigurationReference = 2CCF3A72F40C6B2FB9BDFFEB /* Pods-CaraotApp.release.xcconfig */;
			buildSettings = {
				ASSETCATALOG_COMPILER_APPICON_NAME = AppIcon;
				DEVELOPMENT_TEAM = ZPGC7734UF;
				INFOPLIST_FILE = CaraotApp/Info.plist;
				LD_RUNPATH_SEARCH_PATHS = "$(inherited) @executable_path/Frameworks";
				PRODUCT_BUNDLE_IDENTIFIER = ioMango.CaraotApp;
				PRODUCT_NAME = "$(TARGET_NAME)";
				SWIFT_VERSION = 3.0;
			};
			name = Release;
		};
		7E02F0291DAD5C68006210B5 /* Debug */ = {
			isa = XCBuildConfiguration;
			baseConfigurationReference = 0C4E676220677F52E45404A7 /* Pods-CaraotAppTests.debug.xcconfig */;
			buildSettings = {
				ALWAYS_EMBED_SWIFT_STANDARD_LIBRARIES = YES;
				BUNDLE_LOADER = "$(TEST_HOST)";
				DEVELOPMENT_TEAM = ZPGC7734UF;
				INFOPLIST_FILE = CaraotAppTests/Info.plist;
				LD_RUNPATH_SEARCH_PATHS = "$(inherited) @executable_path/Frameworks @loader_path/Frameworks";
				PRODUCT_BUNDLE_IDENTIFIER = ioMango.CaraotAppTests;
				PRODUCT_NAME = "$(TARGET_NAME)";
				SWIFT_VERSION = 3.0;
				TEST_HOST = "$(BUILT_PRODUCTS_DIR)/CaraotApp.app/CaraotApp";
			};
			name = Debug;
		};
		7E02F02A1DAD5C68006210B5 /* Release */ = {
			isa = XCBuildConfiguration;
			baseConfigurationReference = E46475F6CBB2A75AAC17D996 /* Pods-CaraotAppTests.release.xcconfig */;
			buildSettings = {
				ALWAYS_EMBED_SWIFT_STANDARD_LIBRARIES = YES;
				BUNDLE_LOADER = "$(TEST_HOST)";
				DEVELOPMENT_TEAM = ZPGC7734UF;
				INFOPLIST_FILE = CaraotAppTests/Info.plist;
				LD_RUNPATH_SEARCH_PATHS = "$(inherited) @executable_path/Frameworks @loader_path/Frameworks";
				PRODUCT_BUNDLE_IDENTIFIER = ioMango.CaraotAppTests;
				PRODUCT_NAME = "$(TARGET_NAME)";
				SWIFT_VERSION = 3.0;
				TEST_HOST = "$(BUILT_PRODUCTS_DIR)/CaraotApp.app/CaraotApp";
			};
			name = Release;
		};
		7E02F02C1DAD5C68006210B5 /* Debug */ = {
			isa = XCBuildConfiguration;
			baseConfigurationReference = 1015D96587390D792B53A185 /* Pods-CaraotAppUITests.debug.xcconfig */;
			buildSettings = {
				ALWAYS_EMBED_SWIFT_STANDARD_LIBRARIES = YES;
				DEVELOPMENT_TEAM = ZPGC7734UF;
				INFOPLIST_FILE = CaraotAppUITests/Info.plist;
				LD_RUNPATH_SEARCH_PATHS = "$(inherited) @executable_path/Frameworks @loader_path/Frameworks";
				PRODUCT_BUNDLE_IDENTIFIER = ioMango.CaraotAppUITests;
				PRODUCT_NAME = "$(TARGET_NAME)";
				SWIFT_VERSION = 3.0;
				TEST_TARGET_NAME = CaraotApp;
			};
			name = Debug;
		};
		7E02F02D1DAD5C68006210B5 /* Release */ = {
			isa = XCBuildConfiguration;
			baseConfigurationReference = 3A100357965DCAAA919E5599 /* Pods-CaraotAppUITests.release.xcconfig */;
			buildSettings = {
				ALWAYS_EMBED_SWIFT_STANDARD_LIBRARIES = YES;
				DEVELOPMENT_TEAM = ZPGC7734UF;
				INFOPLIST_FILE = CaraotAppUITests/Info.plist;
				LD_RUNPATH_SEARCH_PATHS = "$(inherited) @executable_path/Frameworks @loader_path/Frameworks";
				PRODUCT_BUNDLE_IDENTIFIER = ioMango.CaraotAppUITests;
				PRODUCT_NAME = "$(TARGET_NAME)";
				SWIFT_VERSION = 3.0;
				TEST_TARGET_NAME = CaraotApp;
			};
			name = Release;
		};
/* End XCBuildConfiguration section */

/* Begin XCConfigurationList section */
		7E02EFF81DAD5C67006210B5 /* Build configuration list for PBXProject "CaraotApp" */ = {
			isa = XCConfigurationList;
			buildConfigurations = (
				7E02F0231DAD5C68006210B5 /* Debug */,
				7E02F0241DAD5C68006210B5 /* Release */,
			);
			defaultConfigurationIsVisible = 0;
			defaultConfigurationName = Release;
		};
		7E02F0251DAD5C68006210B5 /* Build configuration list for PBXNativeTarget "CaraotApp" */ = {
			isa = XCConfigurationList;
			buildConfigurations = (
				7E02F0261DAD5C68006210B5 /* Debug */,
				7E02F0271DAD5C68006210B5 /* Release */,
			);
			defaultConfigurationIsVisible = 0;
			defaultConfigurationName = Release;
		};
		7E02F0281DAD5C68006210B5 /* Build configuration list for PBXNativeTarget "CaraotAppTests" */ = {
			isa = XCConfigurationList;
			buildConfigurations = (
				7E02F0291DAD5C68006210B5 /* Debug */,
				7E02F02A1DAD5C68006210B5 /* Release */,
			);
			defaultConfigurationIsVisible = 0;
			defaultConfigurationName = Release;
		};
		7E02F02B1DAD5C68006210B5 /* Build configuration list for PBXNativeTarget "CaraotAppUITests" */ = {
			isa = XCConfigurationList;
			buildConfigurations = (
				7E02F02C1DAD5C68006210B5 /* Debug */,
				7E02F02D1DAD5C68006210B5 /* Release */,
			);
			defaultConfigurationIsVisible = 0;
			defaultConfigurationName = Release;
		};
/* End XCConfigurationList section */
	};
	rootObject = 7E02EFF51DAD5C67006210B5 /* Project object */;
}
